{
  "lockfile_version": "1",
  "packages": {
    "bundler@latest": {
      "last_modified": "2026-03-21T07:29:51Z",
      "resolved": "github:NixOS/nixpkgs/09061f748ee21f68a089cd5d91ec1859cd93d0be#bundler",
      "source": "devbox-search",
      "version": "2.7.2",
      "systems": {
        "aarch64-darwin": {
          "outputs": [
            {
              "name": "out",
              "path": "/nix/store/gbx73y8di7f17i727k6s0l2f1618pza8-bundler-2.7.2",
              "default": true
            }
          ],
          "store_path": "/nix/store/gbx73y8di7f17i727k6s0l2f1618pza8-bundler-2.7.2"
        },
        "aarch64-linux": {
          "outputs": [
            {
              "name": "out",
              "path": "/nix/store/qb2ksb9khr8dpc46h2ajg85zirgz136k-bundler-2.7.2",
              "default": true
            }
          ],
          "store_path": "/nix/store/qb2ksb9khr8dpc46h2ajg85zirgz136k-bundler-2.7.2"
        },
        "x86_64-darwin": {
          "outputs": [
            {
              "name": "out",
              "path": "/nix/store/b04xgfhjcgg1cl1h2bpjm3fds46vgd1w-bundler-2.7.2",
              "default": true
            }
          ],
          "store_path": "/nix/store/b04xgfhjcgg1cl1h2bpjm3fds46vgd1w-bundler-2.7.2"
        },
        "x86_64-linux": {
          "outputs": [
            {
              "name": "out",
              "path": "/nix/store/bc7ankvbv1s5shlllxxlcsgdj0b16p36-bundler-2.7.2",
              "default": true
            }
          ],
          "store_path": "/nix/store/bc7ankvbv1s5shlllxxlcsgdj0b16p36-bundler-2.7.2"
        }
      }
    },
    "github:NixOS/nixpkgs/nixpkgs-unstable": {
      "last_modified": "2026-03-16T02:27:38Z",
      "resolved": "github:NixOS/nixpkgs/f8573b9c935cfaa162dd62cc9e75ae2db86f85df?lastModified=1773628058&narHash=sha256-hpXH0z3K9xv0fHaje136KY872VT2T5uwxtezlAskQgY%3D"
    },
    "glibcLocales@latest": {
      "last_modified": "2026-03-21T07:29:51Z",
      "resolved": "github:NixOS/nixpkgs/09061f748ee21f68a089cd5d91ec1859cd93d0be#glibcLocales",
      "source": "devbox-search",
      "version": "2.42-51",
      "systems": {
        "aarch64-linux": {
          "outputs": [
            {
              "name": "out",
              "path": "/nix/store/d4vnp0fbrsvijnx5ac86bbxg3bnblz7k-glibc-locales-2.42-51",
              "default": true
            }
          ],
          "store_path": "/nix/store/d4vnp0fbrsvijnx5ac86bbxg3bnblz7k-glibc-locales-2.42-51"
        },
        "x86_64-linux": {
          "outputs": [
            {
              "name": "out",
              "path": "/nix/store/ld2j2mq254m77hwy22pyvrs861ap1374-glibc-locales-2.42-51",
              "default": true
            }
          ],
          "store_path": "/nix/store/ld2j2mq254m77hwy22pyvrs861ap1374-glibc-locales-2.42-51"
        }
      }
    },
    "libpq@latest": {
      "last_modified": "2026-04-11T06:17:25Z",
      "resolved": "github:NixOS/nixpkgs/13043924aaa7375ce482ebe2494338e058282925#libpq",
      "source": "devbox-search",
      "version": "18.2",
      "systems": {
        "aarch64-darwin": {
          "outputs": [
            {
              "name": "out",
              "path": "/nix/store/yqv7xkfakqfccbgdmkf7xhkda2yzrqd8-libpq-18.2",
              "default": true
            },
            {
              "name": "dev",
              "path": "/nix/store/sl9kw8cqc669py9xb83c1baf342l97r5-libpq-18.2-dev"
            }
          ],
          "store_path": "/nix/store/yqv7xkfakqfccbgdmkf7xhkda2yzrqd8-libpq-18.2"
        },
        "aarch64-linux": {
          "outputs": [
            {
              "name": "out",
              "path": "/nix/store/4hpn6899j9vh3p9z424vzgqn4ya4lcvv-libpq-18.2",
              "default": true
            },
            {
              "name": "debug",
              "path": "/nix/store/xjzx6272qsnbrgmbm3yw1xb3688p5sjb-libpq-18.2-debug"
            },
            {
              "name": "dev",
              "path": "/nix/store/fyaw62ldhlyjcnbdli0y4a9wbrlg5q78-libpq-18.2-dev"
            }
          ],
          "store_path": "/nix/store/4hpn6899j9vh3p9z424vzgqn4ya4lcvv-libpq-18.2"
        },
        "x86_64-darwin": {
          "outputs": [
            {
              "name": "out",
              "path": "/nix/store/ig7ycilx8a3xal5dharihg0mk15yqwmv-libpq-18.2",
              "default": true
            },
            {
              "name": "dev",
              "path": "/nix/store/dvgl05rjdbdk2ck90ccnb8g2hpyhmbbj-libpq-18.2-dev"
            }
          ],
          "store_path": "/nix/store/ig7ycilx8a3xal5dharihg0mk15yqwmv-libpq-18.2"
        },
        "x86_64-linux": {
          "outputs": [
            {
              "name": "out",
              "path": "/nix/store/4fi462vs62ycv752lck8v3d70f3blh2x-libpq-18.2",
              "default": true
            },
            {
              "name": "dev",
              "path": "/nix/store/gdmv8c5ax77873s7090b3wcicd6i4m51-libpq-18.2-dev"
            },
            {
              "name": "debug",
              "path": "/nix/store/1ljsii50mrkvxnsvq123a9gnqj0cl8ng-libpq-18.2-debug"
            }
          ],
          "store_path": "/nix/store/4fi462vs62ycv752lck8v3d70f3blh2x-libpq-18.2"
        }
      }
    },
    "libyaml@latest": {
      "last_modified": "2026-03-21T07:29:51Z",
      "resolved": "github:NixOS/nixpkgs/09061f748ee21f68a089cd5d91ec1859cd93d0be#libyaml",
      "source": "devbox-search",
      "version": "0.2.5",
      "systems": {
        "aarch64-darwin": {
          "outputs": [
            {
              "name": "out",
              "path": "/nix/store/qqa8q98n3hvb2kqz3xvd0m0j22033wy0-libyaml-0.2.5",
              "default": true
            },
            {
              "name": "dev",
              "path": "/nix/store/00yv9nvsx0vswzzihkkl4qk39lb2p1pc-libyaml-0.2.5-dev"
            }
          ],
          "store_path": "/nix/store/qqa8q98n3hvb2kqz3xvd0m0j22033wy0-libyaml-0.2.5"
        },
        "aarch64-linux": {
          "outputs": [
            {
              "name": "out",
              "path": "/nix/store/m4j56in3n01xw1jk5h1qxj5r8i4x2mfb-libyaml-0.2.5",
              "default": true
            },
            {
              "name": "dev",
              "path": "/nix/store/jyvgsbxnppxyvvgga304iw6xlhi39r17-libyaml-0.2.5-dev"
            }
          ],
          "store_path": "/nix/store/m4j56in3n01xw1jk5h1qxj5r8i4x2mfb-libyaml-0.2.5"
        },
        "x86_64-darwin": {
          "outputs": [
            {
              "name": "out",
              "path": "/nix/store/4djwsl28pfclczbkcrdqxlqrcxyvihik-libyaml-0.2.5",
              "default": true
            },
            {
              "name": "dev",
              "path": "/nix/store/6i8a2m6yj122s9r1nyl8grxizq3av6z6-libyaml-0.2.5-dev"
            }
          ],
          "store_path": "/nix/store/4djwsl28pfclczbkcrdqxlqrcxyvihik-libyaml-0.2.5"
        },
        "x86_64-linux": {
          "outputs": [
            {
              "name": "out",
              "path": "/nix/store/fnhs945sa02bg7gki8a3l8r9r44ylx10-libyaml-0.2.5",
              "default": true
            },
            {
              "name": "dev",
              "path": "/nix/store/v9qn9g4fm4818vx30kl7z423vj1mswml-libyaml-0.2.5-dev"
            }
          ],
          "store_path": "/nix/store/fnhs945sa02bg7gki8a3l8r9r44ylx10-libyaml-0.2.5"
        }
      }
    },
    "openssl@latest": {
      "last_modified": "2025-12-05T06:24:47Z",
      "resolved": "github:NixOS/nixpkgs/42e29df35be6ef54091d3a3b4e97056ce0a98ce8#openssl",
      "source": "devbox-search",
      "version": "3.6.0",
      "systems": {
        "aarch64-darwin": {
          "outputs": [
            {
              "name": "bin",
              "path": "/nix/store/z9prisxci5h5lsk3rdknd4jzq7k9q13d-openssl-3.6.0-bin",
              "default": true
            },
            {
              "name": "man",
              "path": "/nix/store/ii9mnzr3i92mgk9dkgg65739mavd0j6f-openssl-3.6.0-man",
              "default": true
            },
            {
              "name": "dev",
              "path": "/nix/store/h0qgqik0mk0wn7rmm2kk3grfi1wzly74-openssl-3.6.0-dev"
            },
            {
              "name": "doc",
              "path": "/nix/store/yx3ip21fdaaxpjn5fbir02mqnaw9cm4f-openssl-3.6.0-doc"
            },
            {
              "name": "out",
              "path": "/nix/store/3z54dgks2mz3dhwddj158sdibll8xmq5-openssl-3.6.0"
            }
          ],
          "store_path": "/nix/store/z9prisxci5h5lsk3rdknd4jzq7k9q13d-openssl-3.6.0-bin"
        },
        "aarch64-linux": {
          "outputs": [
            {
              "name": "bin",
              "path": "/nix/store/wb6q44n9kcb5acmaa4rgqsajadx1fhhl-openssl-3.6.0-bin",
              "default": true
            },
            {
              "name": "man",
              "path": "/nix/store/c9n1alb7ypzjvzd47m16fiwfczz23qs3-openssl-3.6.0-man",
              "default": true
            },
            {
              "name": "debug",
              "path": "/nix/store/ci6d4k1sj4bnr892lsrqqmjiihqsk0bl-openssl-3.6.0-debug"
            },
            {
              "name": "dev",
              "path": "/nix/store/pq8b7fb3282g68pmk14mbyi20qn6chid-openssl-3.6.0-dev"
            },
            {
              "name": "doc",
              "path": "/nix/store/vaplp6w56dyz38986bgkf0pbg3r486b2-openssl-3.6.0-doc"
            },
            {
              "name": "out",
              "path": "/nix/store/nj50gkyx813dxvfmsg1q8m330hmf3h86-openssl-3.6.0"
            }
          ],
          "store_path": "/nix/store/wb6q44n9kcb5acmaa4rgqsajadx1fhhl-openssl-3.6.0-bin"
        },
        "x86_64-darwin": {
          "outputs": [
            {
              "name": "bin",
              "path": "/nix/store/m3xwn9n0jypwjgi256idfzs979g30j29-openssl-3.6.0-bin",
              "default": true
            },
            {
              "name": "man",
              "path": "/nix/store/hw43f3y1vl7ydrd4samnwnrwqqwkpisv-openssl-3.6.0-man",
              "default": true
            },
            {
              "name": "dev",
              "path": "/nix/store/dirjrfjk8jgsbdpslgb51cav6qaxn2vm-openssl-3.6.0-dev"
            },
            {
              "name": "doc",
              "path": "/nix/store/va1zhkz0nfmycvd0h239hi4w40qgaxcx-openssl-3.6.0-doc"
            },
            {
              "name": "out",
              "path": "/nix/store/q9a4wssx24xsy28w8kifdqizc01fh7sc-openssl-3.6.0"
            }
          ],
          "store_path": "/nix/store/m3xwn9n0jypwjgi256idfzs979g30j29-openssl-3.6.0-bin"
        },
        "x86_64-linux": {
          "outputs": [
            {
              "name": "bin",
              "path": "/nix/store/k0gl1zc7f5hk87lylxwbipb0b870bcmk-openssl-3.6.0-bin",
              "default": true
            },
            {
              "name": "man",
              "path": "/nix/store/a9jdl6xq9fc98ykpvqmc9kf0b0j9y8wh-openssl-3.6.0-man",
              "default": true
            },
            {
              "name": "debug",
              "path": "/nix/store/sqv8kbdgfxlr2d6nysr8c2715qpsi6f5-openssl-3.6.0-debug"
            },
            {
              "name": "dev",
              "path": "/nix/store/ydrckgnllgg8nmhdwni81h7xhcpnrlhd-openssl-3.6.0-dev"
            },
            {
              "name": "doc",
              "path": "/nix/store/cgp9ig35iwicfb9spcrgyg2m5dmlcgrv-openssl-3.6.0-doc"
            },
            {
              "name": "out",
              "path": "/nix/store/61i74yjkj9p1qphfl7018ja4sdwkipx0-openssl-3.6.0"
            }
          ],
          "store_path": "/nix/store/k0gl1zc7f5hk87lylxwbipb0b870bcmk-openssl-3.6.0-bin"
        }
      }
    },
    "pkg-config@latest": {
      "last_modified": "2025-11-23T21:50:36Z",
      "resolved": "github:NixOS/nixpkgs/ee09932cedcef15aaf476f9343d1dea2cb77e261#pkg-config",
      "source": "devbox-search",
      "version": "0.29.2",
      "systems": {
        "aarch64-darwin": {
          "outputs": [
            {
              "name": "out",
              "path": "/nix/store/hygaaqwk9ylklp0ybwppqhw75nz8ya41-pkg-config-wrapper-0.29.2",
              "default": true
            },
            {
              "name": "man",
              "path": "/nix/store/9px0sji43x3r2w4zxl3j3idwsql7lwxx-pkg-config-wrapper-0.29.2-man",
              "default": true
            },
            {
              "name": "doc",
              "path": "/nix/store/hqk44ra6qxw7iixardl6c3hdgb9kq6ns-pkg-config-wrapper-0.29.2-doc"
            }
          ],
          "store_path": "/nix/store/hygaaqwk9ylklp0ybwppqhw75nz8ya41-pkg-config-wrapper-0.29.2"
        },
        "aarch64-linux": {
          "outputs": [
            {
              "name": "out",
              "path": "/nix/store/lbiigi8qbp7mzf1lpr7p982l1kyf01ql-pkg-config-wrapper-0.29.2",
              "default": true
            },
            {
              "name": "man",
              "path": "/nix/store/10060k24qggqyzlwdsfmni9y32zxcg0j-pkg-config-wrapper-0.29.2-man",
              "default": true
            },
            {
              "name": "doc",
              "path": "/nix/store/0y4v51ndpyvkj09hwlfqkz0c3h17zfmc-pkg-config-wrapper-0.29.2-doc"
            }
          ],
          "store_path": "/nix/store/lbiigi8qbp7mzf1lpr7p982l1kyf01ql-pkg-config-wrapper-0.29.2"
        },
        "x86_64-darwin": {
          "outputs": [
            {
              "name": "out",
              "path": "/nix/store/vknadizq0q5kffvx6y4379p9gdry9zq3-pkg-config-wrapper-0.29.2",
              "default": true
            },
            {
              "name": "man",
              "path": "/nix/store/1nyspra675q22gfhf7hn2nmfpi6rgim5-pkg-config-wrapper-0.29.2-man",
              "default": true
            },
            {
              "name": "doc",
              "path": "/nix/store/7lq1axxwrafwljs06n88bzyz9w523rkc-pkg-config-wrapper-0.29.2-doc"
            }
          ],
          "store_path": "/nix/store/vknadizq0q5kffvx6y4379p9gdry9zq3-pkg-config-wrapper-0.29.2"
        },
        "x86_64-linux": {
          "outputs": [
            {
              "name": "out",
              "path": "/nix/store/8vdiwpbh0g4avsd6x5v4s0di32vcl3dp-pkg-config-wrapper-0.29.2",
              "default": true
            },
            {
              "name": "man",
              "path": "/nix/store/j9xfpnrygg3v37svc5pfin9q5bm49r94-pkg-config-wrapper-0.29.2-man",
              "default": true
            },
            {
              "name": "doc",
              "path": "/nix/store/x3bypxdxaq20kykybhkf21x4jczsiy8y-pkg-config-wrapper-0.29.2-doc"
            }
          ],
          "store_path": "/nix/store/8vdiwpbh0g4avsd6x5v4s0di32vcl3dp-pkg-config-wrapper-0.29.2"
        }
      }
    },
    "postgresql@latest": {
      "last_modified": "2026-04-11T06:17:25Z",
      "plugin_version": "0.0.2",
      "resolved": "github:NixOS/nixpkgs/13043924aaa7375ce482ebe2494338e058282925#postgresql",
      "source": "devbox-search",
      "version": "17.9",
      "systems": {
        "aarch64-darwin": {
          "outputs": [
            {
              "name": "out",
              "path": "/nix/store/rcz8zc21n6rx4igsdgngmkwnln4f7dy5-postgresql-17.9",
              "default": true
            },
            {
              "name": "man",
              "path": "/nix/store/v9ad61kyx28sfzs48j9077iiv61fqzb0-postgresql-17.9-man",
              "default": true
            },
            {
              "name": "doc",
              "path": "/nix/store/gillzna13al7axbhkqyjf7wwfkfbh4nn-postgresql-17.9-doc"
            },
            {
              "name": "jit",
              "path": "/nix/store/9wrci7zgca8ygxgcg8qhk69kkk2hvnvg-postgresql-17.9-jit"
            },
            {
              "name": "lib",
              "path": "/nix/store/h9xg40fr3hqn9lhckdf1sjp2w7zdl92n-postgresql-17.9-lib"
            },
            {
              "name": "dev",
              "path": "/nix/store/yzvwbyh0gqrprnw5rdnhjmcmyvrl9ql4-postgresql-17.9-dev"
            },
            {
              "name": "plperl",
              "path": "/nix/store/ywrc7vv5mdsz79z4nfid0asnzlwxp3zn-postgresql-17.9-plperl"
            },
            {
              "name": "plpython3",
              "path": "/nix/store/jzj6b2zw28dxy8jjfvzlfbmdl8mypv2m-postgresql-17.9-plpython3"
            },
            {
              "name": "pltcl",
              "path": "/nix/store/ya921lh5kkcrdgk09y9580prw5yg27f2-postgresql-17.9-pltcl"
            }
          ],
          "store_path": "/nix/store/rcz8zc21n6rx4igsdgngmkwnln4f7dy5-postgresql-17.9"
        },
        "aarch64-linux": {
          "outputs": [
            {
              "name": "out",
              "path": "/nix/store/bw97pvf1fg3y7yjvw24g83448v8p48m0-postgresql-17.9",
              "default": true
            },
            {
              "name": "man",
              "path": "/nix/store/j22nri44hhgyxbg78glds0im2y608cn9-postgresql-17.9-man",
              "default": true
            },
            {
              "name": "plpython3",
              "path": "/nix/store/fha23nr7d2i16ns2z7wsrlx65fxpazxh-postgresql-17.9-plpython3"
            },
            {
              "name": "pltcl",
              "path": "/nix/store/b9zsqpp7znmvxghjy9ihlk3p75xvd3pz-postgresql-17.9-pltcl"
            },
            {
              "name": "dev",
              "path": "/nix/store/gvivc80vkanv4cd41r1fz0dz9qr2bsjq-postgresql-17.9-dev"
            },
            {
              "name": "doc",
              "path": "/nix/store/39f586jzgzlkcc3dp8zajyjnf2w2mymr-postgresql-17.9-doc"
            },
            {
              "name": "jit",
              "path": "/nix/store/iw7rjv0gjb23fwil2j0zjbghrj8bgd7q-postgresql-17.9-jit"
            },
            {
              "name": "plperl",
              "path": "/nix/store/951fcy0jfrwz8rhi8668fqi72wwdj1qa-postgresql-17.9-plperl"
            },
            {
              "name": "debug",
              "path": "/nix/store/rlk7xis3dfyll5z1fny70ksi3yqh1yy7-postgresql-17.9-debug"
            },
            {
              "name": "lib",
              "path": "/nix/store/b25khikzni3m8q8nyv3mrxa5v63bqsam-postgresql-17.9-lib"
            }
          ],
          "store_path": "/nix/store/bw97pvf1fg3y7yjvw24g83448v8p48m0-postgresql-17.9"
        },
        "x86_64-darwin": {
          "outputs": [
            {
              "name": "out",
              "path": "/nix/store/jgrfz7nzjh9m5ymfv0831aamk9ci5ds9-postgresql-17.9",
              "default": true
            },
            {
              "name": "man",
              "path": "/nix/store/q824ybxz07qzwrwk9hkd16y0yl7mlp5i-postgresql-17.9-man",
              "default": true
            },
            {
              "name": "doc",
              "path": "/nix/store/87c2fid7ppzyd3n3i5id3iiipybgzcp7-postgresql-17.9-doc"
            },
            {
              "name": "plperl",
              "path": "/nix/store/p51i9h8vwml5nj6i91g0hh2zh93c4iap-postgresql-17.9-plperl"
            },
            {
              "name": "plpython3",
              "path": "/nix/store/6a5lqzcdxiqn5nqlfddjdb921z7a35in-postgresql-17.9-plpython3"
            },
            {
              "name": "dev",
              "path": "/nix/store/p99q8ixd6kkw2fr8zpfsmc0m3gwqcjjw-postgresql-17.9-dev"
            },
            {
              "name": "jit",
              "path": "/nix/store/f6qm2151lg98kmayd1kddmgqv9wh1m4f-postgresql-17.9-jit"
            },
            {
              "name": "lib",
              "path": "/nix/store/shz3ms0ww02df1k2qrzk0mv3g6ilr33j-postgresql-17.9-lib"
            },
            {
              "name": "pltcl",
              "path": "/nix/store/cvvvm05xz8735kxb2jqh6gvxfvps1cpw-postgresql-17.9-pltcl"
            }
          ],
          "store_path": "/nix/store/jgrfz7nzjh9m5ymfv0831aamk9ci5ds9-postgresql-17.9"
        },
        "x86_64-linux": {
          "outputs": [
            {
              "name": "out",
              "path": "/nix/store/zhaly0y0af2m7wyijyhdanm6a9l5lydv-postgresql-17.9",
              "default": true
            },
            {
              "name": "man",
              "path": "/nix/store/hgrmddv5rl1axc814n8f27q8gjlxpdz5-postgresql-17.9-man",
              "default": true
            },
            {
              "name": "debug",
              "path": "/nix/store/yhvkyzaxm3lcs7kk8qri3ql34p6h7dmc-postgresql-17.9-debug"
            },
            {
              "name": "doc",
              "path": "/nix/store/x41xsx8n2j3l53dr6qfr1w7i9q1pvb3b-postgresql-17.9-doc"
            },
            {
              "name": "plperl",
              "path": "/nix/store/4dnwbih86p5grx6ys7faq29nh9w0krky-postgresql-17.9-plperl"
            },
            {
              "name": "plpython3",
              "path": "/nix/store/rr62jngbsjqim8k5r761h985y88zci8w-postgresql-17.9-plpython3"
            },
            {
              "name": "pltcl",
              "path": "/nix/store/292bd6aqwdsrd3bkvj8yjgwgg5nqlgjv-postgresql-17.9-pltcl"
            },
            {
              "name": "dev",
              "path": "/nix/store/w8vci17bmzkbxclrkjxg2bd3aachf5i8-postgresql-17.9-dev"
            },
            {
              "name": "jit",
              "path": "/nix/store/87sz1iy2q7v0fcsrgbkmryrp390v5sl9-postgresql-17.9-jit"
            },
            {
              "name": "lib",
              "path": "/nix/store/il7gfijl01sxk16h9pffc5yan70vbqfp-postgresql-17.9-lib"
            }
          ],
          "store_path": "/nix/store/zhaly0y0af2m7wyijyhdanm6a9l5lydv-postgresql-17.9"
        }
      }
    },
    "ruby@3.3": {
      "last_modified": "2026-01-23T17:20:52Z",
      "plugin_version": "0.0.2",
      "resolved": "github:NixOS/nixpkgs/a1bab9e494f5f4939442a57a58d0449a109593fe#ruby",
      "source": "devbox-search",
      "version": "3.3.10",
      "systems": {
        "aarch64-darwin": {
          "outputs": [
            {
              "name": "out",
              "path": "/nix/store/d9wal8y7w1zpvyas3x1q4ykz880mmklk-ruby-3.3.10",
              "default": true
            },
            {
              "name": "devdoc",
              "path": "/nix/store/1rfqp0848j3gnm222ls3bipk1azcrrq3-ruby-3.3.10-devdoc"
            }
          ],
          "store_path": "/nix/store/d9wal8y7w1zpvyas3x1q4ykz880mmklk-ruby-3.3.10"
        },
        "aarch64-linux": {
          "outputs": [
            {
              "name": "out",
              "path": "/nix/store/1hlahw0ijkxx1aqy3x41k3gxpgv34g7d-ruby-3.3.10",
              "default": true
            },
            {
              "name": "devdoc",
              "path": "/nix/store/arvi0gqvw07ngbi2ci20dn5ka2jz5irv-ruby-3.3.10-devdoc"
            }
          ],
          "store_path": "/nix/store/1hlahw0ijkxx1aqy3x41k3gxpgv34g7d-ruby-3.3.10"
        },
        "x86_64-darwin": {
          "outputs": [
            {
              "name": "out",
              "path": "/nix/store/as6xdshxpansvkag8zqr602ajkn9079z-ruby-3.3.10",
              "default": true
            },
            {
              "name": "devdoc",
              "path": "/nix/store/wix1487x3br4gxa0il4q6llz5xyqxspl-ruby-3.3.10-devdoc"
            }
          ],
          "store_path": "/nix/store/as6xdshxpansvkag8zqr602ajkn9079z-ruby-3.3.10"
        },
        "x86_64-linux": {
          "outputs": [
            {
              "name": "out",
              "path": "/nix/store/6jz2pgmsh06z9a83qi33f6lp9w2q6mzm-ruby-3.3.10",
              "default": true
            },
            {
              "name": "devdoc",
              "path": "/nix/store/kah8xsbcd10iakxqmlw558iarhsrd5vi-ruby-3.3.10-devdoc"
            }
          ],
          "store_path": "/nix/store/6jz2pgmsh06z9a83qi33f6lp9w2q6mzm-ruby-3.3.10"
        }
      }
    },
    "zstd@latest": {
      "last_modified": "2026-04-10T12:25:30Z",
      "resolved": "github:NixOS/nixpkgs/8c11f88bb9573a10a7d6bf87161ef08455ac70b9#zstd",
      "source": "devbox-search",
      "version": "1.5.7",
      "systems": {
        "aarch64-darwin": {
          "outputs": [
            {
              "name": "bin",
              "path": "/nix/store/4crx02pb0lv0x26yly1bnbf3n00cq38m-zstd-1.5.7-bin",
              "default": true
            },
            {
              "name": "man",
              "path": "/nix/store/c3g4ifcw3ad8kpa8yjs8lsac5hvmqzv0-zstd-1.5.7-man",
              "default": true
            },
            {
              "name": "dev",
              "path": "/nix/store/i0hhsvlafn0zx3yl8yfcs714ps5qic00-zstd-1.5.7-dev"
            },
            {
              "name": "out",
              "path": "/nix/store/xq7dsd7b6x66fn1pqsif0pld0nw6rb33-zstd-1.5.7"
            }
          ],
          "store_path": "/nix/store/4crx02pb0lv0x26yly1bnbf3n00cq38m-zstd-1.5.7-bin"
        },
        "aarch64-linux": {
          "outputs": [
            {
              "name": "bin",
              "path": "/nix/store/4x4q96zrz8g7jzz9wm8z94riv7q3zw0j-zstd-1.5.7-bin",
              "default": true
            },
            {
              "name": "man",
              "path": "/nix/store/1xbh2v2pvphs8m06yrgzhrnrwpr0nsvl-zstd-1.5.7-man",
              "default": true
            },
            {
              "name": "dev",
              "path": "/nix/store/c9082kb2i992fi80ix6zi7sa6ijqqrzv-zstd-1.5.7-dev"
            },
            {
              "name": "out",
              "path": "/nix/store/pilcyv83zm3h2gm1924xkfmib9n63b5r-zstd-1.5.7"
            }
          ],
          "store_path": "/nix/store/4x4q96zrz8g7jzz9wm8z94riv7q3zw0j-zstd-1.5.7-bin"
        },
        "x86_64-darwin": {
          "outputs": [
            {
              "name": "bin",
              "path": "/nix/store/yc6l9laqs8xs5q0ivxbr9as55x0yc9bh-zstd-1.5.7-bin",
              "default": true
            },
            {
              "name": "man",
              "path": "/nix/store/gfq90rph1rzzwxkhw5pq4ywd5vy0rapa-zstd-1.5.7-man",
              "default": true
            },
            {
              "name": "dev",
              "path": "/nix/store/jyyscffl8vhrgq34yl5dpf17pwz9v0d4-zstd-1.5.7-dev"
            },
            {
              "name": "out",
              "path": "/nix/store/mdy5l0qf8z6p9xyn2igix156smcmkag8-zstd-1.5.7"
            }
          ],
          "store_path": "/nix/store/yc6l9laqs8xs5q0ivxbr9as55x0yc9bh-zstd-1.5.7-bin"
        },
        "x86_64-linux": {
          "outputs": [
            {
              "name": "bin",
              "path": "/nix/store/8cc8cdqa54bahfi5n5glkm8d252zkkjn-zstd-1.5.7-bin",
              "default": true
            },
            {
              "name": "man",
              "path": "/nix/store/bhms1y19818704k4aljz6mb8prjbxd1y-zstd-1.5.7-man",
              "default": true
            },
            {
              "name": "dev",
              "path": "/nix/store/q4v09bffjy5i0f2kdwnbbwmhqv6i3pjs-zstd-1.5.7-dev"
            },
            {
              "name": "out",
              "path": "/nix/store/29mmnqpc1p3iv8wj0lpvicajy3jsbx87-zstd-1.5.7"
            }
          ],
          "store_path": "/nix/store/8cc8cdqa54bahfi5n5glkm8d252zkkjn-zstd-1.5.7-bin"
        }
      }
    }
  }
}
